
Microsoft Visual Studio Solution File, Format Version 12.00
# Visual Studio Version 17
VisualStudioVersion = 17.4.33213.308
MinimumVisualStudioVersion = 10.0.40219.1
Project("{FAE04EC0-301F-11D3-BF4B-00C04F79EFBC}") = "Module3", "Module3\Module3.csproj", "{019C5B2D-C0FC-404F-B010-345BD29D9FB3}"
EndProject
Global
	GlobalSection(SolutionConfigurationPlatforms) = preSolution
		Debug|Any CPU = Debug|Any CPU
		Release|Any CPU = Release|Any CPU
	EndGlobalSection
	GlobalSection(ProjectConfigurationPlatforms) = postSolution
		{019C5B2D-C0FC-404F-B010-345BD29D9FB3}.Debug|Any CPU.ActiveCfg = Debug|Any CPU
		{019C5B2D-C0FC-404F-B010-345BD29D9FB3}.Debug|Any CPU.Build.0 = Debug|Any CPU
		{019C5B2D-C0FC-404F-B010-345BD29D9FB3}.Release|Any CPU.ActiveCfg = Release|Any CPU
		{019C5B2D-C0FC-404F-B010-345BD29D9FB3}.Release|Any CPU.Build.0 = Release|Any CPU
	EndGlobalSection
	GlobalSection(SolutionProperties) = preSolution
		HideSolutionNode = FALSE
	EndGlobalSection
	GlobalSection(ExtensibilityGlobals) = postSolution
		SolutionGuid = {44E8236A-C2E1-4BFA-AADA-AC28446C5882}
	EndGlobalSection
EndGlobal
